
Microsoft Visual Studio Solution File, Format Version 12.00
# Visual Studio Version 16
VisualStudioVersion = 16.0.30225.117
MinimumVisualStudioVersion = 10.0.40219.1
Project("{FAE04EC0-301F-11D3-BF4B-00C04F79EFBC}") = "BibliotheekSysteem", "BibliotheekSysteem.csproj", "{CA2F5ABE-6333-41C5-A279-98AECBFEBF71}"
EndProject
Global
	GlobalSection(SolutionConfigurationPlatforms) = preSolution
		Debug|Any CPU = Debug|Any CPU
		Release|Any CPU = Release|Any CPU
	EndGlobalSection
	GlobalSection(ProjectConfigurationPlatforms) = postSolution
		{CA2F5ABE-6333-41C5-A279-98AECBFEBF71}.Debug|Any CPU.ActiveCfg = Debug|Any CPU
		{CA2F5ABE-6333-41C5-A279-98AECBFEBF71}.Debug|Any CPU.Build.0 = Debug|Any CPU
		{CA2F5ABE-6333-41C5-A279-98AECBFEBF71}.Release|Any CPU.ActiveCfg = Release|Any CPU
		{CA2F5ABE-6333-41C5-A279-98AECBFEBF71}.Release|Any CPU.Build.0 = Release|Any CPU
	EndGlobalSection
	GlobalSection(SolutionProperties) = preSolution
		HideSolutionNode = FALSE
	EndGlobalSection
	GlobalSection(ExtensibilityGlobals) = postSolution
		SolutionGuid = {5D93640D-0847-4A44-A44E-9D69080D1E55}
	EndGlobalSection
EndGlobal
